// !$*UTF8*$!
{
	archiveVersion = 1;
	classes = {
	};
	objectVersion = 56;
	objects = {

/* Begin PBXBuildFile section */
		0BF71D7D2AD8D1C000805C38 /* DSSDApp.swift in Sources */ = {isa = PBXBuildFile; fileRef = 0BF71D7C2AD8D1C000805C38 /* DSSDApp.swift */; };
		0BF71D7F2AD8D1C000805C38 /* ContentView.swift in Sources */ = {isa = PBXBuildFile; fileRef = 0BF71D7E2AD8D1C000805C38 /* ContentView.swift */; };
		0BF71D812AD8D1C100805C38 /* Assets.xcassets in Resources */ = {isa = PBXBuildFile; fileRef = 0BF71D802AD8D1C100805C38 /* Assets.xcassets */; };
		0BF71D842AD8D1C100805C38 /* Preview Assets.xcassets in Resources */ = {isa = PBXBuildFile; fileRef = 0BF71D832AD8D1C100805C38 /* Preview Assets.xcassets */; };
		0BF71D8B2AD8DF8E00805C38 /* Bedroom.swift in Sources */ = {isa = PBXBuildFile; fileRef = 0BF71D8A2AD8DF8E00805C38 /* Bedroom.swift */; };
		0BF71D8E2AD8E48700805C38 /* StoryView.swift in Sources */ = {isa = PBXBuildFile; fileRef = 0BF71D8D2AD8E48700805C38 /* StoryView.swift */; };
		0BF71D932AD91F6400805C38 /* Story.swift in Sources */ = {isa = PBXBuildFile; fileRef = 0BF71D922AD91F6400805C38 /* Story.swift */; };
		0BF71D952AD92C0900805C38 /* StoryViewModel.swift in Sources */ = {isa = PBXBuildFile; fileRef = 0BF71D942AD92C0900805C38 /* StoryViewModel.swift */; };
/* End PBXBuildFile section */

/* Begin PBXFileReference section */
		0BF71D792AD8D1C000805C38 /* DSSD.app */ = {isa = PBXFileReference; explicitFileType = wrapper.application; includeInIndex = 0; path = DSSD.app; sourceTree = BUILT_PRODUCTS_DIR; };
		0BF71D7C2AD8D1C000805C38 /* DSSDApp.swift */ = {isa = PBXFileReference; lastKnownFileType = sourcecode.swift; path = DSSDApp.swift; sourceTree = "<group>"; };
		0BF71D7E2AD8D1C000805C38 /* ContentView.swift */ = {isa = PBXFileReference; lastKnownFileType = sourcecode.swift; path = ContentView.swift; sourceTree = "<group>"; };
		0BF71D802AD8D1C100805C38 /* Assets.xcassets */ = {isa = PBXFileReference; lastKnownFileType = folder.assetcatalog; path = Assets.xcassets; sourceTree = "<group>"; };
		0BF71D832AD8D1C100805C38 /* Preview Assets.xcassets */ = {isa = PBXFileReference; lastKnownFileType = folder.assetcatalog; path = "Preview Assets.xcassets"; sourceTree = "<group>"; };
		0BF71D8A2AD8DF8E00805C38 /* Bedroom.swift */ = {isa = PBXFileReference; lastKnownFileType = sourcecode.swift; path = Bedroom.swift; sourceTree = "<group>"; };
		0BF71D8D2AD8E48700805C38 /* StoryView.swift */ = {isa = PBXFileReference; lastKnownFileType = sourcecode.swift; path = StoryView.swift; sourceTree = "<group>"; };
		0BF71D922AD91F6400805C38 /* Story.swift */ = {isa = PBXFileReference; lastKnownFileType = sourcecode.swift; path = Story.swift; sourceTree = "<group>"; };
		0BF71D942AD92C0900805C38 /* StoryViewModel.swift */ = {isa = PBXFileReference; lastKnownFileType = sourcecode.swift; path = StoryViewModel.swift; sourceTree = "<group>"; };
/* End PBXFileReference section */

/* Begin PBXFrameworksBuildPhase section */
		0BF71D762AD8D1C000805C38 /* Frameworks */ = {
			isa = PBXFrameworksBuildPhase;
			buildActionMask = 2147483647;
			files = (
			);
			runOnlyForDeploymentPostprocessing = 0;
		};
/* End PBXFrameworksBuildPhase section */

/* Begin PBXGroup section */
		0BF71D702AD8D1C000805C38 = {
			isa = PBXGroup;
			children = (
				0BF71D7B2AD8D1C000805C38 /* DSSD */,
				0BF71D7A2AD8D1C000805C38 /* Products */,
			);
			sourceTree = "<group>";
		};
		0BF71D7A2AD8D1C000805C38 /* Products */ = {
			isa = PBXGroup;
			children = (
				0BF71D792AD8D1C000805C38 /* DSSD.app */,
			);
			name = Products;
			sourceTree = "<group>";
		};
		0BF71D7B2AD8D1C000805C38 /* DSSD */ = {
			isa = PBXGroup;
			children = (
				0BF71D912AD91F5700805C38 /* Model */,
				0BF71D8C2AD8E47600805C38 /* Component */,
				0BF71D7C2AD8D1C000805C38 /* DSSDApp.swift */,
				0BF71D7E2AD8D1C000805C38 /* ContentView.swift */,
				0BF71D802AD8D1C100805C38 /* Assets.xcassets */,
				0BF71D822AD8D1C100805C38 /* Preview Content */,
				0BF71D8A2AD8DF8E00805C38 /* Bedroom.swift */,
				0BF71D942AD92C0900805C38 /* StoryViewModel.swift */,
			);
			path = DSSD;
			sourceTree = "<group>";
		};
		0BF71D822AD8D1C100805C38 /* Preview Content */ = {
			isa = PBXGroup;
			children = (
				0BF71D832AD8D1C100805C38 /* Preview Assets.xcassets */,
			);
			path = "Preview Content";
			sourceTree = "<group>";
		};
		0BF71D8C2AD8E47600805C38 /* Component */ = {
			isa = PBXGroup;
			children = (
				0BF71D8D2AD8E48700805C38 /* StoryView.swift */,
			);
			path = Component;
			sourceTree = "<group>";
		};
		0BF71D912AD91F5700805C38 /* Model */ = {
			isa = PBXGroup;
			children = (
				0BF71D922AD91F6400805C38 /* Story.swift */,
			);
			path = Model;
			sourceTree = "<group>";
		};
/* End PBXGroup section */

/* Begin PBXNativeTarget section */
		0BF71D782AD8D1C000805C38 /* DSSD */ = {
			isa = PBXNativeTarget;
			buildConfigurationList = 0BF71D872AD8D1C100805C38 /* Build configuration list for PBXNativeTarget "DSSD" */;
			buildPhases = (
				0BF71D752AD8D1C000805C38 /* Sources */,
				0BF71D762AD8D1C000805C38 /* Frameworks */,
				0BF71D772AD8D1C000805C38 /* Resources */,
			);
			buildRules = (
			);
			dependencies = (
			);
			name = DSSD;
			productName = DSSD;
			productReference = 0BF71D792AD8D1C000805C38 /* DSSD.app */;
			productType = "com.apple.product-type.application";
		};
/* End PBXNativeTarget section */

/* Begin PBXProject section */
		0BF71D712AD8D1C000805C38 /* Project object */ = {
			isa = PBXProject;
			attributes = {
				BuildIndependentTargetsInParallel = 1;
				LastSwiftUpdateCheck = 1430;
				LastUpgradeCheck = 1430;
				TargetAttributes = {
					0BF71D782AD8D1C000805C38 = {
						CreatedOnToolsVersion = 14.3.1;
					};
				};
			};
			buildConfigurationList = 0BF71D742AD8D1C000805C38 /* Build configuration list for PBXProject "DSSD" */;
			compatibilityVersion = "Xcode 14.0";
			developmentRegion = en;
			hasScannedForEncodings = 0;
			knownRegions = (
				en,
				Base,
			);
			mainGroup = 0BF71D702AD8D1C000805C38;
			productRefGroup = 0BF71D7A2AD8D1C000805C38 /* Products */;
			projectDirPath = "";
			projectRoot = "";
			targets = (
				0BF71D782AD8D1C000805C38 /* DSSD */,
			);
		};
/* End PBXProject section */

/* Begin PBXResourcesBuildPhase section */
		0BF71D772AD8D1C000805C38 /* Resources */ = {
			isa = PBXResourcesBuildPhase;
			buildActionMask = 2147483647;
			files = (
				0BF71D842AD8D1C100805C38 /* Preview Assets.xcassets in Resources */,
				0BF71D812AD8D1C100805C38 /* Assets.xcassets in Resources */,
			);
			runOnlyForDeploymentPostprocessing = 0;
		};
/* End PBXResourcesBuildPhase section */

/* Begin PBXSourcesBuildPhase section */
		0BF71D752AD8D1C000805C38 /* Sources */ = {
			isa = PBXSourcesBuildPhase;
			buildActionMask = 2147483647;
			files = (
				0BF71D952AD92C0900805C38 /* StoryViewModel.swift in Sources */,
				0BF71D8B2AD8DF8E00805C38 /* Bedroom.swift in Sources */,
				0BF71D7F2AD8D1C000805C38 /* ContentView.swift in Sources */,
				0BF71D7D2AD8D1C000805C38 /* DSSDApp.swift in Sources */,
				0BF71D8E2AD8E48700805C38 /* StoryView.swift in Sources */,
				0BF71D932AD91F6400805C38 /* Story.swift in Sources */,
			);
			runOnlyForDeploymentPostprocessing = 0;
		};
/* End PBXSourcesBuildPhase section */

/* Begin XCBuildConfiguration section */
		0BF71D852AD8D1C100805C38 /* Debug */ = {
			isa = XCBuildConfiguration;
			buildSettings = {
				ALWAYS_SEARCH_USER_PATHS = NO;
				CLANG_ANALYZER_NONNULL = YES;
				CLANG_ANALYZER_NUMBER_OBJECT_CONVERSION = YES_AGGRESSIVE;
				CLANG_CXX_LANGUAGE_STANDARD = "gnu++20";
				CLANG_ENABLE_MODULES = YES;
				CLANG_ENABLE_OBJC_ARC = YES;
				CLANG_ENABLE_OBJC_WEAK = YES;
				CLANG_WARN_BLOCK_CAPTURE_AUTORELEASING = YES;
				CLANG_WARN_BOOL_CONVERSION = YES;
				CLANG_WARN_COMMA = YES;
				CLANG_WARN_CONSTANT_CONVERSION = YES;
				CLANG_WARN_DEPRECATED_OBJC_IMPLEMENTATIONS = YES;
				CLANG_WARN_DIRECT_OBJC_ISA_USAGE = YES_ERROR;
				CLANG_WARN_DOCUMENTATION_COMMENTS = YES;
				CLANG_WARN_EMPTY_BODY = YES;
				CLANG_WARN_ENUM_CONVERSION = YES;
				CLANG_WARN_INFINITE_RECURSION = YES;
				CLANG_WARN_INT_CONVERSION = YES;
				CLANG_WARN_NON_LITERAL_NULL_CONVERSION = YES;
				CLANG_WARN_OBJC_IMPLICIT_RETAIN_SELF = YES;
				CLANG_WARN_OBJC_LITERAL_CONVERSION = YES;
				CLANG_WARN_OBJC_ROOT_CLASS = YES_ERROR;
				CLANG_WARN_QUOTED_INCLUDE_IN_FRAMEWORK_HEADER = YES;
				CLANG_WARN_RANGE_LOOP_ANALYSIS = YES;
				CLANG_WARN_STRICT_PROTOTYPES = YES;
				CLANG_WARN_SUSPICIOUS_MOVE = YES;
				CLANG_WARN_UNGUARDED_AVAILABILITY = YES_AGGRESSIVE;
				CLANG_WARN_UNREACHABLE_CODE = YES;
				CLANG_WARN__DUPLICATE_METHOD_MATCH = YES;
				COPY_PHASE_STRIP = NO;
				DEBUG_INFORMATION_FORMAT = dwarf;
				ENABLE_STRICT_OBJC_MSGSEND = YES;
				ENABLE_TESTABILITY = YES;
				GCC_C_LANGUAGE_STANDARD = gnu11;
				GCC_DYNAMIC_NO_PIC = NO;
				GCC_NO_COMMON_BLOCKS = YES;
				GCC_OPTIMIZATION_LEVEL = 0;
				GCC_PREPROCESSOR_DEFINITIONS = (
					"DEBUG=1",
					"$(inherited)",
				);
				GCC_WARN_64_TO_32_BIT_CONVERSION = YES;
				GCC_WARN_ABOUT_RETURN_TYPE = YES_ERROR;
				GCC_WARN_UNDECLARED_SELECTOR = YES;
				GCC_WARN_UNINITIALIZED_AUTOS = YES_AGGRESSIVE;
				GCC_WARN_UNUSED_FUNCTION = YES;
				GCC_WARN_UNUSED_VARIABLE = YES;
				IPHONEOS_DEPLOYMENT_TARGET = 16.4;
				MTL_ENABLE_DEBUG_INFO = INCLUDE_SOURCE;
				MTL_FAST_MATH = YES;
				ONLY_ACTIVE_ARCH = YES;
				SDKROOT = iphoneos;
				SWIFT_ACTIVE_COMPILATION_CONDITIONS = DEBUG;
				SWIFT_OPTIMIZATION_LEVEL = "-Onone";
			};
			name = Debug;
		};
		0BF71D862AD8D1C100805C38 /* Release */ = {
			isa = XCBuildConfiguration;
			buildSettings = {
				ALWAYS_SEARCH_USER_PATHS = NO;
				CLANG_ANALYZER_NONNULL = YES;
				CLANG_ANALYZER_NUMBER_OBJECT_CONVERSION = YES_AGGRESSIVE;
				CLANG_CXX_LANGUAGE_STANDARD = "gnu++20";
				CLANG_ENABLE_MODULES = YES;
				CLANG_ENABLE_OBJC_ARC = YES;
				CLANG_ENABLE_OBJC_WEAK = YES;
				CLANG_WARN_BLOCK_CAPTURE_AUTORELEASING = YES;
				CLANG_WARN_BOOL_CONVERSION = YES;
				CLANG_WARN_COMMA = YES;
				CLANG_WARN_CONSTANT_CONVERSION = YES;
				CLANG_WARN_DEPRECATED_OBJC_IMPLEMENTATIONS = YES;
				CLANG_WARN_DIRECT_OBJC_ISA_USAGE = YES_ERROR;
				CLANG_WARN_DOCUMENTATION_COMMENTS = YES;
				CLANG_WARN_EMPTY_BODY = YES;
				CLANG_WARN_ENUM_CONVERSION = YES;
				CLANG_WARN_INFINITE_RECURSION = YES;
				CLANG_WARN_INT_CONVERSION = YES;
				CLANG_WARN_NON_LITERAL_NULL_CONVERSION = YES;
				CLANG_WARN_OBJC_IMPLICIT_RETAIN_SELF = YES;
				CLANG_WARN_OBJC_LITERAL_CONVERSION = YES;
				CLANG_WARN_OBJC_ROOT_CLASS = YES_ERROR;
				CLANG_WARN_QUOTED_INCLUDE_IN_FRAMEWORK_HEADER = YES;
				CLANG_WARN_RANGE_LOOP_ANALYSIS = YES;
				CLANG_WARN_STRICT_PROTOTYPES = YES;
				CLANG_WARN_SUSPICIOUS_MOVE = YES;
				CLANG_WARN_UNGUARDED_AVAILABILITY = YES_AGGRESSIVE;
				CLANG_WARN_UNREACHABLE_CODE = YES;
				CLANG_WARN__DUPLICATE_METHOD_MATCH = YES;
				COPY_PHASE_STRIP = NO;
				DEBUG_INFORMATION_FORMAT = "dwarf-with-dsym";
				ENABLE_NS_ASSERTIONS = NO;
				ENABLE_STRICT_OBJC_MSGSEND = YES;
				GCC_C_LANGUAGE_STANDARD = gnu11;
				GCC_NO_COMMON_BLOCKS = YES;
				GCC_WARN_64_TO_32_BIT_CONVERSION = YES;
				GCC_WARN_ABOUT_RETURN_TYPE = YES_ERROR;
				GCC_WARN_UNDECLARED_SELECTOR = YES;
				GCC_WARN_UNINITIALIZED_AUTOS = YES_AGGRESSIVE;
				GCC_WARN_UNUSED_FUNCTION = YES;
				GCC_WARN_UNUSED_VARIABLE = YES;
				IPHONEOS_DEPLOYMENT_TARGET = 16.4;
				MTL_ENABLE_DEBUG_INFO = NO;
				MTL_FAST_MATH = YES;
				SDKROOT = iphoneos;
				SWIFT_COMPILATION_MODE = wholemodule;
				SWIFT_OPTIMIZATION_LEVEL = "-O";
				VALIDATE_PRODUCT = YES;
			};
			name = Release;
		};
		0BF71D882AD8D1C100805C38 /* Debug */ = {
			isa = XCBuildConfiguration;
			buildSettings = {
				ASSETCATALOG_COMPILER_APPICON_NAME = AppIcon;
				ASSETCATALOG_COMPILER_GLOBAL_ACCENT_COLOR_NAME = AccentColor;
				CODE_SIGN_STYLE = Automatic;
				CURRENT_PROJECT_VERSION = 1;
				DEVELOPMENT_ASSET_PATHS = "\"DSSD/Preview Content\"";
				DEVELOPMENT_TEAM = S398LUTY9A;
				ENABLE_PREVIEWS = YES;
				GENERATE_INFOPLIST_FILE = YES;
				INFOPLIST_KEY_UIApplicationSceneManifest_Generation = YES;
				INFOPLIST_KEY_UIApplicationSupportsIndirectInputEvents = YES;
				INFOPLIST_KEY_UILaunchScreen_Generation = YES;
				INFOPLIST_KEY_UISupportedInterfaceOrientations = "UIInterfaceOrientationLandscapeLeft UIInterfaceOrientationLandscapeRight";
				LD_RUNPATH_SEARCH_PATHS = (
					"$(inherited)",
					"@executable_path/Frameworks",
				);
				MARKETING_VERSION = 1.0;
				PRODUCT_BUNDLE_IDENTIFIER = com.swift.DSSD;
				PRODUCT_NAME = "$(TARGET_NAME)";
				SWIFT_EMIT_LOC_STRINGS = YES;
				SWIFT_VERSION = 5.0;
				TARGETED_DEVICE_FAMILY = "1,2";
			};
			name = Debug;
		};
		0BF71D892AD8D1C100805C38 /* Release */ = {
			isa = XCBuildConfiguration;
			buildSettings = {
				ASSETCATALOG_COMPILER_APPICON_NAME = AppIcon;
				ASSETCATALOG_COMPILER_GLOBAL_ACCENT_COLOR_NAME = AccentColor;
				CODE_SIGN_STYLE = Automatic;
				CURRENT_PROJECT_VERSION = 1;
				DEVELOPMENT_ASSET_PATHS = "\"DSSD/Preview Content\"";
				DEVELOPMENT_TEAM = S398LUTY9A;
				ENABLE_PREVIEWS = YES;
				GENERATE_INFOPLIST_FILE = YES;
				INFOPLIST_KEY_UIApplicationSceneManifest_Generation = YES;
				INFOPLIST_KEY_UIApplicationSupportsIndirectInputEvents = YES;
				INFOPLIST_KEY_UILaunchScreen_Generation = YES;
				INFOPLIST_KEY_UISupportedInterfaceOrientations = "UIInterfaceOrientationLandscapeLeft UIInterfaceOrientationLandscapeRight";
				LD_RUNPATH_SEARCH_PATHS = (
					"$(inherited)",
					"@executable_path/Frameworks",
				);
				MARKETING_VERSION = 1.0;
				PRODUCT_BUNDLE_IDENTIFIER = com.swift.DSSD;
				PRODUCT_NAME = "$(TARGET_NAME)";
				SWIFT_EMIT_LOC_STRINGS = YES;
				SWIFT_VERSION = 5.0;
				TARGETED_DEVICE_FAMILY = "1,2";
			};
			name = Release;
		};
/* End XCBuildConfiguration section */

/* Begin XCConfigurationList section */
		0BF71D742AD8D1C000805C38 /* Build configuration list for PBXProject "DSSD" */ = {
			isa = XCConfigurationList;
			buildConfigurations = (
				0BF71D852AD8D1C100805C38 /* Debug */,
				0BF71D862AD8D1C100805C38 /* Release */,
			);
			defaultConfigurationIsVisible = 0;
			defaultConfigurationName = Release;
		};
		0BF71D872AD8D1C100805C38 /* Build configuration list for PBXNativeTarget "DSSD" */ = {
			isa = XCConfigurationList;
			buildConfigurations = (
				0BF71D882AD8D1C100805C38 /* Debug */,
				0BF71D892AD8D1C100805C38 /* Release */,
			);
			defaultConfigurationIsVisible = 0;
			defaultConfigurationName = Release;
		};
/* End XCConfigurationList section */
	};
	rootObject = 0BF71D712AD8D1C000805C38 /* Project object */;
}
